
Microsoft Visual Studio Solution File, Format Version 12.00
# Visual Studio Version 17
VisualStudioVersion = 17.9.34728.123
MinimumVisualStudioVersion = 10.0.40219.1
Project("{FAE04EC0-301F-11D3-BF4B-00C04F79EFBC}") = "C#TrainingTest", "C#TrainingTest\C#TrainingTest.csproj", "{F852E9C1-9CA4-408F-A184-23F739F169D6}"
EndProject
Global
	GlobalSection(SolutionConfigurationPlatforms) = preSolution
		Debug|Any CPU = Debug|Any CPU
		Release|Any CPU = Release|Any CPU
	EndGlobalSection
	GlobalSection(ProjectConfigurationPlatforms) = postSolution
		{F852E9C1-9CA4-408F-A184-23F739F169D6}.Debug|Any CPU.ActiveCfg = Debug|Any CPU
		{F852E9C1-9CA4-408F-A184-23F739F169D6}.Debug|Any CPU.Build.0 = Debug|Any CPU
		{F852E9C1-9CA4-408F-A184-23F739F169D6}.Release|Any CPU.ActiveCfg = Release|Any CPU
		{F852E9C1-9CA4-408F-A184-23F739F169D6}.Release|Any CPU.Build.0 = Release|Any CPU
	EndGlobalSection
	GlobalSection(SolutionProperties) = preSolution
		HideSolutionNode = FALSE
	EndGlobalSection
	GlobalSection(ExtensibilityGlobals) = postSolution
		SolutionGuid = {1C1F3F77-1C70-4016-9585-EFECF1527C3C}
	EndGlobalSection
EndGlobal
